
Microsoft Visual Studio Solution File, Format Version 12.00
# Visual Studio Version 16
VisualStudioVersion = 16.0.30717.126
MinimumVisualStudioVersion = 10.0.40219.1
Project("{FAE04EC0-301F-11D3-BF4B-00C04F79EFBC}") = "TodoAPI", "TodoAPI\TodoAPI.csproj", "{7BA1B08E-C1A3-4A40-BBF1-50F7068AB91D}"
EndProject
Project("{2150E333-8FDC-42A3-9474-1A3956D46DE8}") = "Solution Items", "Solution Items", "{9AE8AFB9-F36D-4A7A-9D90-716D884F2BA8}"
	ProjectSection(SolutionItems) = preProject
		deploy.ps1 = deploy.ps1
	EndProjectSection
EndProject
Global
	GlobalSection(SolutionConfigurationPlatforms) = preSolution
		Debug|Any CPU = Debug|Any CPU
		Release|Any CPU = Release|Any CPU
	EndGlobalSection
	GlobalSection(ProjectConfigurationPlatforms) = postSolution
		{7BA1B08E-C1A3-4A40-BBF1-50F7068AB91D}.Debug|Any CPU.ActiveCfg = Debug|Any CPU
		{7BA1B08E-C1A3-4A40-BBF1-50F7068AB91D}.Debug|Any CPU.Build.0 = Debug|Any CPU
		{7BA1B08E-C1A3-4A40-BBF1-50F7068AB91D}.Release|Any CPU.ActiveCfg = Release|Any CPU
		{7BA1B08E-C1A3-4A40-BBF1-50F7068AB91D}.Release|Any CPU.Build.0 = Release|Any CPU
	EndGlobalSection
	GlobalSection(SolutionProperties) = preSolution
		HideSolutionNode = FALSE
	EndGlobalSection
	GlobalSection(ExtensibilityGlobals) = postSolution
		SolutionGuid = {D152F595-BD56-4E59-A25F-7C8D1B19B245}
	EndGlobalSection
EndGlobal
